
Microsoft Visual Studio Solution File, Format Version 12.00
Project("{FAE04EC0-301F-11D3-BF4B-00C04F79EFBC}") = "LAB2", "LAB2\LAB2.csproj", "{5F5A4232-2D4B-4E66-8524-D59B16ED25D4}"
EndProject
Global
	GlobalSection(SolutionConfigurationPlatforms) = preSolution
		Debug|Any CPU = Debug|Any CPU
		Release|Any CPU = Release|Any CPU
	EndGlobalSection
	GlobalSection(ProjectConfigurationPlatforms) = postSolution
		{5F5A4232-2D4B-4E66-8524-D59B16ED25D4}.Debug|Any CPU.ActiveCfg = Debug|Any CPU
		{5F5A4232-2D4B-4E66-8524-D59B16ED25D4}.Debug|Any CPU.Build.0 = Debug|Any CPU
		{5F5A4232-2D4B-4E66-8524-D59B16ED25D4}.Release|Any CPU.ActiveCfg = Release|Any CPU
		{5F5A4232-2D4B-4E66-8524-D59B16ED25D4}.Release|Any CPU.Build.0 = Release|Any CPU
	EndGlobalSection
EndGlobal
